
Microsoft Visual Studio Solution File, Format Version 12.00
# Visual Studio Version 17
VisualStudioVersion = 17.14.36414.22 d17.14
MinimumVisualStudioVersion = 10.0.40219.1
Project("{FAE04EC0-301F-11D3-BF4B-00C04F79EFBC}") = "practice1", "practice1\practice1.csproj", "{F8798C37-4B78-4560-95AA-194B2445970B}"
EndProject
Global
	GlobalSection(SolutionConfigurationPlatforms) = preSolution
		Debug|Any CPU = Debug|Any CPU
		Release|Any CPU = Release|Any CPU
	EndGlobalSection
	GlobalSection(ProjectConfigurationPlatforms) = postSolution
		{F8798C37-4B78-4560-95AA-194B2445970B}.Debug|Any CPU.ActiveCfg = Debug|Any CPU
		{F8798C37-4B78-4560-95AA-194B2445970B}.Debug|Any CPU.Build.0 = Debug|Any CPU
		{F8798C37-4B78-4560-95AA-194B2445970B}.Release|Any CPU.ActiveCfg = Release|Any CPU
		{F8798C37-4B78-4560-95AA-194B2445970B}.Release|Any CPU.Build.0 = Release|Any CPU
	EndGlobalSection
	GlobalSection(SolutionProperties) = preSolution
		HideSolutionNode = FALSE
	EndGlobalSection
	GlobalSection(ExtensibilityGlobals) = postSolution
		SolutionGuid = {C53B6897-C950-4965-BDAA-2BED000FB112}
	EndGlobalSection
EndGlobal
