
Microsoft Visual Studio Solution File, Format Version 12.00
# Visual Studio Version 17
VisualStudioVersion = 17.14.36310.24 d17.14
MinimumVisualStudioVersion = 10.0.40219.1
Project("{FAE04EC0-301F-11D3-BF4B-00C04F79EFBC}") = "Basic Calculater", "Basic Calculater\Basic Calculater.csproj", "{F3DDCA61-B8EE-4E55-924E-197EE5C4C6E8}"
EndProject
Global
	GlobalSection(SolutionConfigurationPlatforms) = preSolution
		Debug|Any CPU = Debug|Any CPU
		Release|Any CPU = Release|Any CPU
	EndGlobalSection
	GlobalSection(ProjectConfigurationPlatforms) = postSolution
		{F3DDCA61-B8EE-4E55-924E-197EE5C4C6E8}.Debug|Any CPU.ActiveCfg = Debug|Any CPU
		{F3DDCA61-B8EE-4E55-924E-197EE5C4C6E8}.Debug|Any CPU.Build.0 = Debug|Any CPU
		{F3DDCA61-B8EE-4E55-924E-197EE5C4C6E8}.Release|Any CPU.ActiveCfg = Release|Any CPU
		{F3DDCA61-B8EE-4E55-924E-197EE5C4C6E8}.Release|Any CPU.Build.0 = Release|Any CPU
	EndGlobalSection
	GlobalSection(SolutionProperties) = preSolution
		HideSolutionNode = FALSE
	EndGlobalSection
	GlobalSection(ExtensibilityGlobals) = postSolution
		SolutionGuid = {3C883203-186A-4A4B-8CDE-FF4426DB4072}
	EndGlobalSection
EndGlobal
