
Microsoft Visual Studio Solution File, Format Version 12.00
# Visual Studio Version 17
VisualStudioVersion = 17.14.36310.24
MinimumVisualStudioVersion = 10.0.40219.1
Project("{FAE04EC0-301F-11D3-BF4B-00C04F79EFBC}") = "Application Form", "Application Form.csproj", "{A06805A3-5B1B-45BA-9287-69F3E3FAC5DA}"
EndProject
Project("{54435603-DBB4-11D2-8724-00A0C9A8B90C}") = "Application_Form_make_by_sukdeb", "..\Application_From_make_by_sukdeb\Application_From_make_by_sukdeb.vdproj", "{C48B75A0-F3CA-1C85-A117-34F802425E23}"
EndProject
Global
	GlobalSection(SolutionConfigurationPlatforms) = preSolution
		Debug|Any CPU = Debug|Any CPU
		Release|Any CPU = Release|Any CPU
	EndGlobalSection
	GlobalSection(ProjectConfigurationPlatforms) = postSolution
		{A06805A3-5B1B-45BA-9287-69F3E3FAC5DA}.Debug|Any CPU.ActiveCfg = Debug|Any CPU
		{A06805A3-5B1B-45BA-9287-69F3E3FAC5DA}.Debug|Any CPU.Build.0 = Debug|Any CPU
		{A06805A3-5B1B-45BA-9287-69F3E3FAC5DA}.Release|Any CPU.ActiveCfg = Release|Any CPU
		{A06805A3-5B1B-45BA-9287-69F3E3FAC5DA}.Release|Any CPU.Build.0 = Release|Any CPU
		{C48B75A0-F3CA-1C85-A117-34F802425E23}.Debug|Any CPU.ActiveCfg = Debug
		{C48B75A0-F3CA-1C85-A117-34F802425E23}.Release|Any CPU.ActiveCfg = Release
	EndGlobalSection
	GlobalSection(SolutionProperties) = preSolution
		HideSolutionNode = FALSE
	EndGlobalSection
	GlobalSection(ExtensibilityGlobals) = postSolution
		SolutionGuid = {50EC679A-65FF-425E-8D0C-EF2F4A6C25A9}
	EndGlobalSection
EndGlobal
